PODS:
  - Alamofire (4.9.1)
  - CalculateCalendarLogic (0.5.0)
  - FSCalendar (2.8.4)
  - Realm (10.27.0):
    - Realm/Headers (= 10.27.0)
  - Realm/Headers (10.27.0)
  - RealmSwift (10.27.0):
    - Realm (= 10.27.0)

DEPENDENCIES:
  - Alamofire (~> 4.4)
  - CalculateCalendarLogic
  - FSCalendar
  - RealmSwift

SPEC REPOS:
  trunk:
    - Alamofire
    - CalculateCalendarLogic
    - FSCalendar
    - Realm
    - RealmSwift

SPEC CHECKSUMS:
  Alamofire: 85e8a02c69d6020a0d734f6054870d7ecb75cf18
  CalculateCalendarLogic: d14189787cd47766e64281b2686608afea07ae4d
  FSCalendar: 2d1d0d9398f12d439f55c1fe0f01525b151b8260
  Realm: 9ca328bd7e700cc19703799785e37f77d1a130f2
  RealmSwift: 271de77b09a73c5e46ee3252283878153bd5d288

PODFILE CHECKSUM: 445bf5942f831a30a8194dd32e676c41bf0f7c78

COCOAPODS: 1.11.3
