PODS:
  - Alamofire (4.9.1)
  - Toast-Swift (5.0.1)

DEPENDENCIES:
  - Alamofire (~> 4.4)
  - Toast-Swift (~> 5.0.1)

SPEC REPOS:
  trunk:
    - Alamofire
    - Toast-Swift

SPEC CHECKSUMS:
  Alamofire: 85e8a02c69d6020a0d734f6054870d7ecb75cf18
  Toast-Swift: 9b6a70f28b3bf0b96c40d46c0c4b9d6639846711

PODFILE CHECKSUM: d53a010de94d5e256d13b8410cf70e39325037a2

COCOAPODS: 1.11.3
