// !$*UTF8*$!
{
	archiveVersion = 1;
	classes = {
	};
	objectVersion = 55;
	objects = {

/* Begin PBXBuildFile section */
		4E47CCC8283A11DD0097AA0B /* Summary.swift in Sources */ = {isa = PBXBuildFile; fileRef = 4E47CCC7283A11DD0097AA0B /* Summary.swift */; };
		4E47CCCA283A137C0097AA0B /* SummaryTableViewCell.swift in Sources */ = {isa = PBXBuildFile; fileRef = 4E47CCC9283A137C0097AA0B /* SummaryTableViewCell.swift */; };
		4E47CCD0283F659A0097AA0B /* Network.swift in Sources */ = {isa = PBXBuildFile; fileRef = 4E47CCCF283F659A0097AA0B /* Network.swift */; };
		4E47CCD3283F6E830097AA0B /* Manana.swift in Sources */ = {isa = PBXBuildFile; fileRef = 4E47CCD2283F6E830097AA0B /* Manana.swift */; };
		4E47CCD5283F6FC40097AA0B /* BTCUSD.swift in Sources */ = {isa = PBXBuildFile; fileRef = 4E47CCD4283F6FC40097AA0B /* BTCUSD.swift */; };
		4E47CCD72841FA340097AA0B /* BTCKRW.swift in Sources */ = {isa = PBXBuildFile; fileRef = 4E47CCD62841FA340097AA0B /* BTCKRW.swift */; };
		4E47CCD928422CA30097AA0B /* GOLD.swift in Sources */ = {isa = PBXBuildFile; fileRef = 4E47CCD828422CA30097AA0B /* GOLD.swift */; };
		4E47CCDC284243E00097AA0B /* YF.swift in Sources */ = {isa = PBXBuildFile; fileRef = 4E47CCDB284243E00097AA0B /* YF.swift */; };
		4E65AD0D28213F3E0081482B /* AppDelegate.swift in Sources */ = {isa = PBXBuildFile; fileRef = 4E65AD0C28213F3E0081482B /* AppDelegate.swift */; };
		4E65AD0F28213F3E0081482B /* SceneDelegate.swift in Sources */ = {isa = PBXBuildFile; fileRef = 4E65AD0E28213F3E0081482B /* SceneDelegate.swift */; };
		4E65AD1128213F3E0081482B /* MainViewController.swift in Sources */ = {isa = PBXBuildFile; fileRef = 4E65AD1028213F3E0081482B /* MainViewController.swift */; };
		4E65AD1428213F3E0081482B /* Main.storyboard in Resources */ = {isa = PBXBuildFile; fileRef = 4E65AD1228213F3E0081482B /* Main.storyboard */; };
		4E65AD1628213F3F0081482B /* Assets.xcassets in Resources */ = {isa = PBXBuildFile; fileRef = 4E65AD1528213F3F0081482B /* Assets.xcassets */; };
		4E65AD1928213F3F0081482B /* LaunchScreen.storyboard in Resources */ = {isa = PBXBuildFile; fileRef = 4E65AD1728213F3F0081482B /* LaunchScreen.storyboard */; };
		4E8EAE8628487FFD00906A1D /* AllDataController.swift in Sources */ = {isa = PBXBuildFile; fileRef = 4E8EAE8528487FFD00906A1D /* AllDataController.swift */; };
		4E8EAE882848AF6000906A1D /* Index.swift in Sources */ = {isa = PBXBuildFile; fileRef = 4E8EAE872848AF6000906A1D /* Index.swift */; };
		4E98C45C284B7743004E690B /* Stock.swift in Sources */ = {isa = PBXBuildFile; fileRef = 4E98C45B284B7743004E690B /* Stock.swift */; };
		4E98C45E284B7E61004E690B /* ChartViewController.swift in Sources */ = {isa = PBXBuildFile; fileRef = 4E98C45D284B7E61004E690B /* ChartViewController.swift */; };
		4E98C460284C7960004E690B /* ApiClient.swift in Sources */ = {isa = PBXBuildFile; fileRef = 4E98C45F284C7960004E690B /* ApiClient.swift */; };
		4E98C462284C9379004E690B /* StarredCell.swift in Sources */ = {isa = PBXBuildFile; fileRef = 4E98C461284C9379004E690B /* StarredCell.swift */; };
		4E98C467284C9908004E690B /* ApiClient2.swift in Sources */ = {isa = PBXBuildFile; fileRef = 4E98C466284C9908004E690B /* ApiClient2.swift */; };
		9FA717ED2CEB9ABC93911D2A /* Pods_all_in_one.framework in Frameworks */ = {isa = PBXBuildFile; fileRef = 3113E7EE47DD18936BD1999C /* Pods_all_in_one.framework */; };
/* End PBXBuildFile section */

/* Begin PBXFileReference section */
		061186E1C99E28B8C426FC47 /* Pods-all-in-one.debug.xcconfig */ = {isa = PBXFileReference; includeInIndex = 1; lastKnownFileType = text.xcconfig; name = "Pods-all-in-one.debug.xcconfig"; path = "Target Support Files/Pods-all-in-one/Pods-all-in-one.debug.xcconfig"; sourceTree = "<group>"; };
		3113E7EE47DD18936BD1999C /* Pods_all_in_one.framework */ = {isa = PBXFileReference; explicitFileType = wrapper.framework; includeInIndex = 0; path = Pods_all_in_one.framework; sourceTree = BUILT_PRODUCTS_DIR; };
		3282F7804BCE0809D3EEF749 /* Pods-all-in-one.release.xcconfig */ = {isa = PBXFileReference; includeInIndex = 1; lastKnownFileType = text.xcconfig; name = "Pods-all-in-one.release.xcconfig"; path = "Target Support Files/Pods-all-in-one/Pods-all-in-one.release.xcconfig"; sourceTree = "<group>"; };
		4E47CCC7283A11DD0097AA0B /* Summary.swift */ = {isa = PBXFileReference; lastKnownFileType = sourcecode.swift; path = Summary.swift; sourceTree = "<group>"; };
		4E47CCC9283A137C0097AA0B /* SummaryTableViewCell.swift */ = {isa = PBXFileReference; lastKnownFileType = sourcecode.swift; path = SummaryTableViewCell.swift; sourceTree = "<group>"; };
		4E47CCCF283F659A0097AA0B /* Network.swift */ = {isa = PBXFileReference; lastKnownFileType = sourcecode.swift; path = Network.swift; sourceTree = "<group>"; };
		4E47CCD2283F6E830097AA0B /* Manana.swift */ = {isa = PBXFileReference; lastKnownFileType = sourcecode.swift; path = Manana.swift; sourceTree = "<group>"; };
		4E47CCD4283F6FC40097AA0B /* BTCUSD.swift */ = {isa = PBXFileReference; lastKnownFileType = sourcecode.swift; path = BTCUSD.swift; sourceTree = "<group>"; };
		4E47CCD62841FA340097AA0B /* BTCKRW.swift */ = {isa = PBXFileReference; lastKnownFileType = sourcecode.swift; path = BTCKRW.swift; sourceTree = "<group>"; };
		4E47CCD828422CA30097AA0B /* GOLD.swift */ = {isa = PBXFileReference; lastKnownFileType = sourcecode.swift; path = GOLD.swift; sourceTree = "<group>"; };
		4E47CCDA28423A750097AA0B /* .gitignore.md */ = {isa = PBXFileReference; lastKnownFileType = net.daringfireball.markdown; path = .gitignore.md; sourceTree = "<group>"; };
		4E47CCDB284243E00097AA0B /* YF.swift */ = {isa = PBXFileReference; lastKnownFileType = sourcecode.swift; path = YF.swift; sourceTree = "<group>"; };
		4E65AD0928213F3E0081482B /* all-in-one.app */ = {isa = PBXFileReference; explicitFileType = wrapper.application; includeInIndex = 0; path = "all-in-one.app"; sourceTree = BUILT_PRODUCTS_DIR; };
		4E65AD0C28213F3E0081482B /* AppDelegate.swift */ = {isa = PBXFileReference; lastKnownFileType = sourcecode.swift; path = AppDelegate.swift; sourceTree = "<group>"; };
		4E65AD0E28213F3E0081482B /* SceneDelegate.swift */ = {isa = PBXFileReference; lastKnownFileType = sourcecode.swift; path = SceneDelegate.swift; sourceTree = "<group>"; };
		4E65AD1028213F3E0081482B /* MainViewController.swift */ = {isa = PBXFileReference; lastKnownFileType = sourcecode.swift; path = MainViewController.swift; sourceTree = "<group>"; };
		4E65AD1328213F3E0081482B /* Base */ = {isa = PBXFileReference; lastKnownFileType = file.storyboard; name = Base; path = Base.lproj/Main.storyboard; sourceTree = "<group>"; };
		4E65AD1528213F3F0081482B /* Assets.xcassets */ = {isa = PBXFileReference; lastKnownFileType = folder.assetcatalog; path = Assets.xcassets; sourceTree = "<group>"; };
		4E65AD1828213F3F0081482B /* Base */ = {isa = PBXFileReference; lastKnownFileType = file.storyboard; name = Base; path = Base.lproj/LaunchScreen.storyboard; sourceTree = "<group>"; };
		4E65AD1A28213F3F0081482B /* Info.plist */ = {isa = PBXFileReference; lastKnownFileType = text.plist.xml; path = Info.plist; sourceTree = "<group>"; };
		4E8EAE8528487FFD00906A1D /* AllDataController.swift */ = {isa = PBXFileReference; lastKnownFileType = sourcecode.swift; path = AllDataController.swift; sourceTree = "<group>"; };
		4E8EAE872848AF6000906A1D /* Index.swift */ = {isa = PBXFileReference; lastKnownFileType = sourcecode.swift; path = Index.swift; sourceTree = "<group>"; };
		4E98C45B284B7743004E690B /* Stock.swift */ = {isa = PBXFileReference; lastKnownFileType = sourcecode.swift; path = Stock.swift; sourceTree = "<group>"; };
		4E98C45D284B7E61004E690B /* ChartViewController.swift */ = {isa = PBXFileReference; lastKnownFileType = sourcecode.swift; path = ChartViewController.swift; sourceTree = "<group>"; };
		4E98C45F284C7960004E690B /* ApiClient.swift */ = {isa = PBXFileReference; lastKnownFileType = sourcecode.swift; path = ApiClient.swift; sourceTree = "<group>"; };
		4E98C461284C9379004E690B /* StarredCell.swift */ = {isa = PBXFileReference; lastKnownFileType = sourcecode.swift; path = StarredCell.swift; sourceTree = "<group>"; };
		4E98C466284C9908004E690B /* ApiClient2.swift */ = {isa = PBXFileReference; lastKnownFileType = sourcecode.swift; path = ApiClient2.swift; sourceTree = "<group>"; };
/* End PBXFileReference section */

/* Begin PBXFrameworksBuildPhase section */
		4E65AD0628213F3E0081482B /* Frameworks */ = {
			isa = PBXFrameworksBuildPhase;
			buildActionMask = 2147483647;
			files = (
				9FA717ED2CEB9ABC93911D2A /* Pods_all_in_one.framework in Frameworks */,
			);
			runOnlyForDeploymentPostprocessing = 0;
		};
/* End PBXFrameworksBuildPhase section */

/* Begin PBXGroup section */
		1F04A1A71FC7D8329236825D /* Frameworks */ = {
			isa = PBXGroup;
			children = (
				3113E7EE47DD18936BD1999C /* Pods_all_in_one.framework */,
			);
			name = Frameworks;
			sourceTree = "<group>";
		};
		4E47CCD1283F6E680097AA0B /* pairs */ = {
			isa = PBXGroup;
			children = (
				4E47CCD2283F6E830097AA0B /* Manana.swift */,
				4E47CCD4283F6FC40097AA0B /* BTCUSD.swift */,
				4E47CCD62841FA340097AA0B /* BTCKRW.swift */,
				4E47CCD828422CA30097AA0B /* GOLD.swift */,
				4E47CCDB284243E00097AA0B /* YF.swift */,
				4E8EAE872848AF6000906A1D /* Index.swift */,
				4E98C45B284B7743004E690B /* Stock.swift */,
			);
			path = pairs;
			sourceTree = "<group>";
		};
		4E65AD0028213F3E0081482B = {
			isa = PBXGroup;
			children = (
				4E47CCDA28423A750097AA0B /* .gitignore.md */,
				4E65AD0B28213F3E0081482B /* all-in-one */,
				4E65AD0A28213F3E0081482B /* Products */,
				A9449FFF71A50D9D74098AA4 /* Pods */,
				1F04A1A71FC7D8329236825D /* Frameworks */,
			);
			sourceTree = "<group>";
		};
		4E65AD0A28213F3E0081482B /* Products */ = {
			isa = PBXGroup;
			children = (
				4E65AD0928213F3E0081482B /* all-in-one.app */,
			);
			name = Products;
			sourceTree = "<group>";
		};
		4E65AD0B28213F3E0081482B /* all-in-one */ = {
			isa = PBXGroup;
			children = (
				4E8EAE8428487FB000906A1D /* main */,
				4E47CCD1283F6E680097AA0B /* pairs */,
				4E65AD0C28213F3E0081482B /* AppDelegate.swift */,
				4E65AD0E28213F3E0081482B /* SceneDelegate.swift */,
				4E65AD1228213F3E0081482B /* Main.storyboard */,
				4E65AD1528213F3F0081482B /* Assets.xcassets */,
				4E65AD1728213F3F0081482B /* LaunchScreen.storyboard */,
				4E65AD1A28213F3F0081482B /* Info.plist */,
			);
			path = "all-in-one";
			sourceTree = "<group>";
		};
		4E8EAE8428487FB000906A1D /* main */ = {
			isa = PBXGroup;
			children = (
				4E98C465284C95D9004E690B /* data */,
				4E98C464284C95AF004E690B /* view */,
				4E98C463284C959A004E690B /* network */,
			);
			path = main;
			sourceTree = "<group>";
		};
		4E98C463284C959A004E690B /* network */ = {
			isa = PBXGroup;
			children = (
				4E98C45F284C7960004E690B /* ApiClient.swift */,
				4E47CCCF283F659A0097AA0B /* Network.swift */,
				4E98C466284C9908004E690B /* ApiClient2.swift */,
			);
			path = network;
			sourceTree = "<group>";
		};
		4E98C464284C95AF004E690B /* view */ = {
			isa = PBXGroup;
			children = (
				4E8EAE8528487FFD00906A1D /* AllDataController.swift */,
				4E98C45D284B7E61004E690B /* ChartViewController.swift */,
				4E65AD1028213F3E0081482B /* MainViewController.swift */,
			);
			path = view;
			sourceTree = "<group>";
		};
		4E98C465284C95D9004E690B /* data */ = {
			isa = PBXGroup;
			children = (
				4E47CCC9283A137C0097AA0B /* SummaryTableViewCell.swift */,
				4E47CCC7283A11DD0097AA0B /* Summary.swift */,
				4E98C461284C9379004E690B /* StarredCell.swift */,
			);
			path = data;
			sourceTree = "<group>";
		};
		A9449FFF71A50D9D74098AA4 /* Pods */ = {
			isa = PBXGroup;
			children = (
				061186E1C99E28B8C426FC47 /* Pods-all-in-one.debug.xcconfig */,
				3282F7804BCE0809D3EEF749 /* Pods-all-in-one.release.xcconfig */,
			);
			path = Pods;
			sourceTree = "<group>";
		};
/* End PBXGroup section */

/* Begin PBXNativeTarget section */
		4E65AD0828213F3E0081482B /* all-in-one */ = {
			isa = PBXNativeTarget;
			buildConfigurationList = 4E65AD1D28213F3F0081482B /* Build configuration list for PBXNativeTarget "all-in-one" */;
			buildPhases = (
				44043478458D40388E6C3DA8 /* [CP] Check Pods Manifest.lock */,
				4E65AD0528213F3E0081482B /* Sources */,
				4E65AD0628213F3E0081482B /* Frameworks */,
				4E65AD0728213F3E0081482B /* Resources */,
				8774DCEAD19B6111B1438E01 /* [CP] Embed Pods Frameworks */,
			);
			buildRules = (
			);
			dependencies = (
			);
			name = "all-in-one";
			productName = "all-in-one";
			productReference = 4E65AD0928213F3E0081482B /* all-in-one.app */;
			productType = "com.apple.product-type.application";
		};
/* End PBXNativeTarget section */

/* Begin PBXProject section */
		4E65AD0128213F3E0081482B /* Project object */ = {
			isa = PBXProject;
			attributes = {
				BuildIndependentTargetsInParallel = 1;
				LastSwiftUpdateCheck = 1330;
				LastUpgradeCheck = 1330;
				TargetAttributes = {
					4E65AD0828213F3E0081482B = {
						CreatedOnToolsVersion = 13.3.1;
					};
				};
			};
			buildConfigurationList = 4E65AD0428213F3E0081482B /* Build configuration list for PBXProject "all-in-one" */;
			compatibilityVersion = "Xcode 13.0";
			developmentRegion = en;
			hasScannedForEncodings = 0;
			knownRegions = (
				en,
				Base,
			);
			mainGroup = 4E65AD0028213F3E0081482B;
			productRefGroup = 4E65AD0A28213F3E0081482B /* Products */;
			projectDirPath = "";
			projectRoot = "";
			targets = (
				4E65AD0828213F3E0081482B /* all-in-one */,
			);
		};
/* End PBXProject section */

/* Begin PBXResourcesBuildPhase section */
		4E65AD0728213F3E0081482B /* Resources */ = {
			isa = PBXResourcesBuildPhase;
			buildActionMask = 2147483647;
			files = (
				4E65AD1928213F3F0081482B /* LaunchScreen.storyboard in Resources */,
				4E65AD1628213F3F0081482B /* Assets.xcassets in Resources */,
				4E65AD1428213F3E0081482B /* Main.storyboard in Resources */,
			);
			runOnlyForDeploymentPostprocessing = 0;
		};
/* End PBXResourcesBuildPhase section */

/* Begin PBXShellScriptBuildPhase section */
		44043478458D40388E6C3DA8 /* [CP] Check Pods Manifest.lock */ = {
			isa = PBXShellScriptBuildPhase;
			buildActionMask = 2147483647;
			files = (
			);
			inputFileListPaths = (
			);
			inputPaths = (
				"${PODS_PODFILE_DIR_PATH}/Podfile.lock",
				"${PODS_ROOT}/Manifest.lock",
			);
			name = "[CP] Check Pods Manifest.lock";
			outputFileListPaths = (
			);
			outputPaths = (
				"$(DERIVED_FILE_DIR)/Pods-all-in-one-checkManifestLockResult.txt",
			);
			runOnlyForDeploymentPostprocessing = 0;
			shellPath = /bin/sh;
			shellScript = "diff \"${PODS_PODFILE_DIR_PATH}/Podfile.lock\" \"${PODS_ROOT}/Manifest.lock\" > /dev/null\nif [ $? != 0 ] ; then\n    # print error to STDERR\n    echo \"error: The sandbox is not in sync with the Podfile.lock. Run 'pod install' or update your CocoaPods installation.\" >&2\n    exit 1\nfi\n# This output is used by Xcode 'outputs' to avoid re-running this script phase.\necho \"SUCCESS\" > \"${SCRIPT_OUTPUT_FILE_0}\"\n";
			showEnvVarsInLog = 0;
		};
		8774DCEAD19B6111B1438E01 /* [CP] Embed Pods Frameworks */ = {
			isa = PBXShellScriptBuildPhase;
			buildActionMask = 2147483647;
			files = (
			);
			inputFileListPaths = (
				"${PODS_ROOT}/Target Support Files/Pods-all-in-one/Pods-all-in-one-frameworks-${CONFIGURATION}-input-files.xcfilelist",
			);
			name = "[CP] Embed Pods Frameworks";
			outputFileListPaths = (
				"${PODS_ROOT}/Target Support Files/Pods-all-in-one/Pods-all-in-one-frameworks-${CONFIGURATION}-output-files.xcfilelist",
			);
			runOnlyForDeploymentPostprocessing = 0;
			shellPath = /bin/sh;
			shellScript = "\"${PODS_ROOT}/Target Support Files/Pods-all-in-one/Pods-all-in-one-frameworks.sh\"\n";
			showEnvVarsInLog = 0;
		};
/* End PBXShellScriptBuildPhase section */

/* Begin PBXSourcesBuildPhase section */
		4E65AD0528213F3E0081482B /* Sources */ = {
			isa = PBXSourcesBuildPhase;
			buildActionMask = 2147483647;
			files = (
				4E47CCD3283F6E830097AA0B /* Manana.swift in Sources */,
				4E8EAE8628487FFD00906A1D /* AllDataController.swift in Sources */,
				4E98C462284C9379004E690B /* StarredCell.swift in Sources */,
				4E47CCDC284243E00097AA0B /* YF.swift in Sources */,
				4E98C460284C7960004E690B /* ApiClient.swift in Sources */,
				4E65AD1128213F3E0081482B /* MainViewController.swift in Sources */,
				4E98C467284C9908004E690B /* ApiClient2.swift in Sources */,
				4E8EAE882848AF6000906A1D /* Index.swift in Sources */,
				4E47CCD72841FA340097AA0B /* BTCKRW.swift in Sources */,
				4E47CCD928422CA30097AA0B /* GOLD.swift in Sources */,
				4E65AD0D28213F3E0081482B /* AppDelegate.swift in Sources */,
				4E47CCD0283F659A0097AA0B /* Network.swift in Sources */,
				4E47CCD5283F6FC40097AA0B /* BTCUSD.swift in Sources */,
				4E98C45C284B7743004E690B /* Stock.swift in Sources */,
				4E47CCC8283A11DD0097AA0B /* Summary.swift in Sources */,
				4E47CCCA283A137C0097AA0B /* SummaryTableViewCell.swift in Sources */,
				4E65AD0F28213F3E0081482B /* SceneDelegate.swift in Sources */,
				4E98C45E284B7E61004E690B /* ChartViewController.swift in Sources */,
			);
			runOnlyForDeploymentPostprocessing = 0;
		};
/* End PBXSourcesBuildPhase section */

/* Begin PBXVariantGroup section */
		4E65AD1228213F3E0081482B /* Main.storyboard */ = {
			isa = PBXVariantGroup;
			children = (
				4E65AD1328213F3E0081482B /* Base */,
			);
			name = Main.storyboard;
			sourceTree = "<group>";
		};
		4E65AD1728213F3F0081482B /* LaunchScreen.storyboard */ = {
			isa = PBXVariantGroup;
			children = (
				4E65AD1828213F3F0081482B /* Base */,
			);
			name = LaunchScreen.storyboard;
			sourceTree = "<group>";
		};
/* End PBXVariantGroup section */

/* Begin XCBuildConfiguration section */
		4E65AD1B28213F3F0081482B /* Debug */ = {
			isa = XCBuildConfiguration;
			buildSettings = {
				ALWAYS_SEARCH_USER_PATHS = NO;
				CLANG_ANALYZER_NONNULL = YES;
				CLANG_ANALYZER_NUMBER_OBJECT_CONVERSION = YES_AGGRESSIVE;
				CLANG_CXX_LANGUAGE_STANDARD = "gnu++17";
				CLANG_ENABLE_MODULES = YES;
				CLANG_ENABLE_OBJC_ARC = YES;
				CLANG_ENABLE_OBJC_WEAK = YES;
				CLANG_WARN_BLOCK_CAPTURE_AUTORELEASING = YES;
				CLANG_WARN_BOOL_CONVERSION = YES;
				CLANG_WARN_COMMA = YES;
				CLANG_WARN_CONSTANT_CONVERSION = YES;
				CLANG_WARN_DEPRECATED_OBJC_IMPLEMENTATIONS = YES;
				CLANG_WARN_DIRECT_OBJC_ISA_USAGE = YES_ERROR;
				CLANG_WARN_DOCUMENTATION_COMMENTS = YES;
				CLANG_WARN_EMPTY_BODY = YES;
				CLANG_WARN_ENUM_CONVERSION = YES;
				CLANG_WARN_INFINITE_RECURSION = YES;
				CLANG_WARN_INT_CONVERSION = YES;
				CLANG_WARN_NON_LITERAL_NULL_CONVERSION = YES;
				CLANG_WARN_OBJC_IMPLICIT_RETAIN_SELF = YES;
				CLANG_WARN_OBJC_LITERAL_CONVERSION = YES;
				CLANG_WARN_OBJC_ROOT_CLASS = YES_ERROR;
				CLANG_WARN_QUOTED_INCLUDE_IN_FRAMEWORK_HEADER = YES;
				CLANG_WARN_RANGE_LOOP_ANALYSIS = YES;
				CLANG_WARN_STRICT_PROTOTYPES = YES;
				CLANG_WARN_SUSPICIOUS_MOVE = YES;
				CLANG_WARN_UNGUARDED_AVAILABILITY = YES_AGGRESSIVE;
				CLANG_WARN_UNREACHABLE_CODE = YES;
				CLANG_WARN__DUPLICATE_METHOD_MATCH = YES;
				COPY_PHASE_STRIP = NO;
				DEBUG_INFORMATION_FORMAT = dwarf;
				ENABLE_STRICT_OBJC_MSGSEND = YES;
				ENABLE_TESTABILITY = YES;
				GCC_C_LANGUAGE_STANDARD = gnu11;
				GCC_DYNAMIC_NO_PIC = NO;
				GCC_NO_COMMON_BLOCKS = YES;
				GCC_OPTIMIZATION_LEVEL = 0;
				GCC_PREPROCESSOR_DEFINITIONS = (
					"DEBUG=1",
					"$(inherited)",
				);
				GCC_WARN_64_TO_32_BIT_CONVERSION = YES;
				GCC_WARN_ABOUT_RETURN_TYPE = YES_ERROR;
				GCC_WARN_UNDECLARED_SELECTOR = YES;
				GCC_WARN_UNINITIALIZED_AUTOS = YES_AGGRESSIVE;
				GCC_WARN_UNUSED_FUNCTION = YES;
				GCC_WARN_UNUSED_VARIABLE = YES;
				IPHONEOS_DEPLOYMENT_TARGET = 15.4;
				MTL_ENABLE_DEBUG_INFO = INCLUDE_SOURCE;
				MTL_FAST_MATH = YES;
				ONLY_ACTIVE_ARCH = YES;
				SDKROOT = iphoneos;
				SWIFT_ACTIVE_COMPILATION_CONDITIONS = DEBUG;
				SWIFT_OPTIMIZATION_LEVEL = "-Onone";
			};
			name = Debug;
		};
		4E65AD1C28213F3F0081482B /* Release */ = {
			isa = XCBuildConfiguration;
			buildSettings = {
				ALWAYS_SEARCH_USER_PATHS = NO;
				CLANG_ANALYZER_NONNULL = YES;
				CLANG_ANALYZER_NUMBER_OBJECT_CONVERSION = YES_AGGRESSIVE;
				CLANG_CXX_LANGUAGE_STANDARD = "gnu++17";
				CLANG_ENABLE_MODULES = YES;
				CLANG_ENABLE_OBJC_ARC = YES;
				CLANG_ENABLE_OBJC_WEAK = YES;
				CLANG_WARN_BLOCK_CAPTURE_AUTORELEASING = YES;
				CLANG_WARN_BOOL_CONVERSION = YES;
				CLANG_WARN_COMMA = YES;
				CLANG_WARN_CONSTANT_CONVERSION = YES;
				CLANG_WARN_DEPRECATED_OBJC_IMPLEMENTATIONS = YES;
				CLANG_WARN_DIRECT_OBJC_ISA_USAGE = YES_ERROR;
				CLANG_WARN_DOCUMENTATION_COMMENTS = YES;
				CLANG_WARN_EMPTY_BODY = YES;
				CLANG_WARN_ENUM_CONVERSION = YES;
				CLANG_WARN_INFINITE_RECURSION = YES;
				CLANG_WARN_INT_CONVERSION = YES;
				CLANG_WARN_NON_LITERAL_NULL_CONVERSION = YES;
				CLANG_WARN_OBJC_IMPLICIT_RETAIN_SELF = YES;
				CLANG_WARN_OBJC_LITERAL_CONVERSION = YES;
				CLANG_WARN_OBJC_ROOT_CLASS = YES_ERROR;
				CLANG_WARN_QUOTED_INCLUDE_IN_FRAMEWORK_HEADER = YES;
				CLANG_WARN_RANGE_LOOP_ANALYSIS = YES;
				CLANG_WARN_STRICT_PROTOTYPES = YES;
				CLANG_WARN_SUSPICIOUS_MOVE = YES;
				CLANG_WARN_UNGUARDED_AVAILABILITY = YES_AGGRESSIVE;
				CLANG_WARN_UNREACHABLE_CODE = YES;
				CLANG_WARN__DUPLICATE_METHOD_MATCH = YES;
				COPY_PHASE_STRIP = NO;
				DEBUG_INFORMATION_FORMAT = "dwarf-with-dsym";
				ENABLE_NS_ASSERTIONS = NO;
				ENABLE_STRICT_OBJC_MSGSEND = YES;
				GCC_C_LANGUAGE_STANDARD = gnu11;
				GCC_NO_COMMON_BLOCKS = YES;
				GCC_WARN_64_TO_32_BIT_CONVERSION = YES;
				GCC_WARN_ABOUT_RETURN_TYPE = YES_ERROR;
				GCC_WARN_UNDECLARED_SELECTOR = YES;
				GCC_WARN_UNINITIALIZED_AUTOS = YES_AGGRESSIVE;
				GCC_WARN_UNUSED_FUNCTION = YES;
				GCC_WARN_UNUSED_VARIABLE = YES;
				IPHONEOS_DEPLOYMENT_TARGET = 15.4;
				MTL_ENABLE_DEBUG_INFO = NO;
				MTL_FAST_MATH = YES;
				SDKROOT = iphoneos;
				SWIFT_COMPILATION_MODE = wholemodule;
				SWIFT_OPTIMIZATION_LEVEL = "-O";
				VALIDATE_PRODUCT = YES;
			};
			name = Release;
		};
		4E65AD1E28213F3F0081482B /* Debug */ = {
			isa = XCBuildConfiguration;
			baseConfigurationReference = 061186E1C99E28B8C426FC47 /* Pods-all-in-one.debug.xcconfig */;
			buildSettings = {
				ASSETCATALOG_COMPILER_APPICON_NAME = AppIcon;
				ASSETCATALOG_COMPILER_GLOBAL_ACCENT_COLOR_NAME = AccentColor;
				CODE_SIGN_IDENTITY = "Apple Development";
				CODE_SIGN_STYLE = Automatic;
				CURRENT_PROJECT_VERSION = 1;
				DEVELOPMENT_TEAM = 3LAXACJ89M;
				GENERATE_INFOPLIST_FILE = YES;
				INFOPLIST_FILE = "all-in-one/Info.plist";
				INFOPLIST_KEY_UIApplicationSupportsIndirectInputEvents = YES;
				INFOPLIST_KEY_UILaunchStoryboardName = LaunchScreen;
				INFOPLIST_KEY_UIMainStoryboardFile = Main;
				INFOPLIST_KEY_UISupportedInterfaceOrientations_iPad = "UIInterfaceOrientationPortrait UIInterfaceOrientationPortraitUpsideDown UIInterfaceOrientationLandscapeLeft UIInterfaceOrientationLandscapeRight";
				INFOPLIST_KEY_UISupportedInterfaceOrientations_iPhone = "UIInterfaceOrientationPortrait UIInterfaceOrientationLandscapeLeft UIInterfaceOrientationLandscapeRight";
				LD_RUNPATH_SEARCH_PATHS = (
					"$(inherited)",
					"@executable_path/Frameworks",
				);
				MARKETING_VERSION = 1.0;
				PRODUCT_BUNDLE_IDENTIFIER = "studio.all-in-one";
				PRODUCT_NAME = "$(TARGET_NAME)";
				PROVISIONING_PROFILE_SPECIFIER = "";
				SWIFT_EMIT_LOC_STRINGS = YES;
				SWIFT_VERSION = 5.0;
				TARGETED_DEVICE_FAMILY = 1;
			};
			name = Debug;
		};
		4E65AD1F28213F3F0081482B /* Release */ = {
			isa = XCBuildConfiguration;
			baseConfigurationReference = 3282F7804BCE0809D3EEF749 /* Pods-all-in-one.release.xcconfig */;
			buildSettings = {
				ASSETCATALOG_COMPILER_APPICON_NAME = AppIcon;
				ASSETCATALOG_COMPILER_GLOBAL_ACCENT_COLOR_NAME = AccentColor;
				CODE_SIGN_IDENTITY = "Apple Development";
				CODE_SIGN_STYLE = Automatic;
				CURRENT_PROJECT_VERSION = 1;
				DEVELOPMENT_TEAM = 3LAXACJ89M;
				GENERATE_INFOPLIST_FILE = YES;
				INFOPLIST_FILE = "all-in-one/Info.plist";
				INFOPLIST_KEY_UIApplicationSupportsIndirectInputEvents = YES;
				INFOPLIST_KEY_UILaunchStoryboardName = LaunchScreen;
				INFOPLIST_KEY_UIMainStoryboardFile = Main;
				INFOPLIST_KEY_UISupportedInterfaceOrientations_iPad = "UIInterfaceOrientationPortrait UIInterfaceOrientationPortraitUpsideDown UIInterfaceOrientationLandscapeLeft UIInterfaceOrientationLandscapeRight";
				INFOPLIST_KEY_UISupportedInterfaceOrientations_iPhone = "UIInterfaceOrientationPortrait UIInterfaceOrientationLandscapeLeft UIInterfaceOrientationLandscapeRight";
				LD_RUNPATH_SEARCH_PATHS = (
					"$(inherited)",
					"@executable_path/Frameworks",
				);
				MARKETING_VERSION = 1.0;
				PRODUCT_BUNDLE_IDENTIFIER = "studio.all-in-one";
				PRODUCT_NAME = "$(TARGET_NAME)";
				PROVISIONING_PROFILE_SPECIFIER = "";
				SWIFT_EMIT_LOC_STRINGS = YES;
				SWIFT_VERSION = 5.0;
				TARGETED_DEVICE_FAMILY = 1;
			};
			name = Release;
		};
/* End XCBuildConfiguration section */

/* Begin XCConfigurationList section */
		4E65AD0428213F3E0081482B /* Build configuration list for PBXProject "all-in-one" */ = {
			isa = XCConfigurationList;
			buildConfigurations = (
				4E65AD1B28213F3F0081482B /* Debug */,
				4E65AD1C28213F3F0081482B /* Release */,
			);
			defaultConfigurationIsVisible = 0;
			defaultConfigurationName = Release;
		};
		4E65AD1D28213F3F0081482B /* Build configuration list for PBXNativeTarget "all-in-one" */ = {
			isa = XCConfigurationList;
			buildConfigurations = (
				4E65AD1E28213F3F0081482B /* Debug */,
				4E65AD1F28213F3F0081482B /* Release */,
			);
			defaultConfigurationIsVisible = 0;
			defaultConfigurationName = Release;
		};
/* End XCConfigurationList section */
	};
	rootObject = 4E65AD0128213F3E0081482B /* Project object */;
}
